
Microsoft Visual Studio Solution File, Format Version 12.00
# Visual Studio 15
VisualStudioVersion = 15.0.28307.1259
MinimumVisualStudioVersion = 10.0.40219.1
Project("{FAE04EC0-301F-11D3-BF4B-00C04F79EFBC}") = "JL EJERCICIO5", "JL EJERCICIO5\JL EJERCICIO5.csproj", "{DFD0BE59-04A3-4EA5-8181-B44C639CC6D0}"
EndProject
Global
	GlobalSection(SolutionConfigurationPlatforms) = preSolution
		Debug|Any CPU = Debug|Any CPU
		Release|Any CPU = Release|Any CPU
	EndGlobalSection
	GlobalSection(ProjectConfigurationPlatforms) = postSolution
		{DFD0BE59-04A3-4EA5-8181-B44C639CC6D0}.Debug|Any CPU.ActiveCfg = Debug|Any CPU
		{DFD0BE59-04A3-4EA5-8181-B44C639CC6D0}.Debug|Any CPU.Build.0 = Debug|Any CPU
		{DFD0BE59-04A3-4EA5-8181-B44C639CC6D0}.Release|Any CPU.ActiveCfg = Release|Any CPU
		{DFD0BE59-04A3-4EA5-8181-B44C639CC6D0}.Release|Any CPU.Build.0 = Release|Any CPU
	EndGlobalSection
	GlobalSection(SolutionProperties) = preSolution
		HideSolutionNode = FALSE
	EndGlobalSection
	GlobalSection(ExtensibilityGlobals) = postSolution
		SolutionGuid = {5E74CF83-419D-4DF9-B0BC-2613AC977F38}
	EndGlobalSection
EndGlobal
